
Microsoft Visual Studio Solution File, Format Version 12.00
# Visual Studio 14
VisualStudioVersion = 14.0.24720.0
MinimumVisualStudioVersion = 10.0.40219.1
Project("{FAE04EC0-301F-11D3-BF4B-00C04F79EFBC}") = "Periphery", "Periphery\Periphery.csproj", "{792F8117-0548-46F4-A5A9-CBF21EB90494}"
EndProject
Global
	GlobalSection(SolutionConfigurationPlatforms) = preSolution
		Debug|Any CPU = Debug|Any CPU
		Release|Any CPU = Release|Any CPU
	EndGlobalSection
	GlobalSection(ProjectConfigurationPlatforms) = postSolution
		{792F8117-0548-46F4-A5A9-CBF21EB90494}.Debug|Any CPU.ActiveCfg = Debug|Any CPU
		{792F8117-0548-46F4-A5A9-CBF21EB90494}.Debug|Any CPU.Build.0 = Debug|Any CPU
		{792F8117-0548-46F4-A5A9-CBF21EB90494}.Release|Any CPU.ActiveCfg = Release|Any CPU
		{792F8117-0548-46F4-A5A9-CBF21EB90494}.Release|Any CPU.Build.0 = Release|Any CPU
	EndGlobalSection
	GlobalSection(SolutionProperties) = preSolution
		HideSolutionNode = FALSE
	EndGlobalSection
EndGlobal
